
Microsoft Visual Studio Solution File, Format Version 12.00
# Visual Studio Version 17
VisualStudioVersion = 17.0.32112.339
MinimumVisualStudioVersion = 10.0.40219.1
Project("{FAE04EC0-301F-11D3-BF4B-00C04F79EFBC}") = "demowebapp", "demowebapp.csproj", "{F1E41593-D738-44B2-AFDD-C7B2749A5A64}"
EndProject
Global
	GlobalSection(SolutionConfigurationPlatforms) = preSolution
		Debug|Any CPU = Debug|Any CPU
		Release|Any CPU = Release|Any CPU
	EndGlobalSection
	GlobalSection(ProjectConfigurationPlatforms) = postSolution
		{F1E41593-D738-44B2-AFDD-C7B2749A5A64}.Debug|Any CPU.ActiveCfg = Debug|Any CPU
		{F1E41593-D738-44B2-AFDD-C7B2749A5A64}.Debug|Any CPU.Build.0 = Debug|Any CPU
		{F1E41593-D738-44B2-AFDD-C7B2749A5A64}.Release|Any CPU.ActiveCfg = Release|Any CPU
		{F1E41593-D738-44B2-AFDD-C7B2749A5A64}.Release|Any CPU.Build.0 = Release|Any CPU
	EndGlobalSection
	GlobalSection(SolutionProperties) = preSolution
		HideSolutionNode = FALSE
	EndGlobalSection
	GlobalSection(ExtensibilityGlobals) = postSolution
		SolutionGuid = {76604491-A30A-4408-9ABF-AD4F78BE6CFF}
	EndGlobalSection
EndGlobal
